
Microsoft Visual Studio Solution File, Format Version 12.00
# Visual Studio Version 17
VisualStudioVersion = 17.11.35327.3
MinimumVisualStudioVersion = 10.0.40219.1
Project("{2150E333-8FDC-42A3-9474-1A3956D46DE8}") = "src", "src", "{7F52D96F-7FEA-407A-8E18-B0F4A2B20B7A}"
EndProject
Project("{2150E333-8FDC-42A3-9474-1A3956D46DE8}") = "services", "services", "{C9B7664F-7B79-4A82-A0E9-C5E10F8FBACC}"
EndProject
Project("{2150E333-8FDC-42A3-9474-1A3956D46DE8}") = "catalog", "catalog", "{99D4179A-B7C1-49A3-824E-9D47899A0E6C}"
EndProject
Project("{9A19103F-16F7-4668-BE54-9A1E7A4F7556}") = "Catalog.Api", "Catalog.Api\Catalog.Api.csproj", "{BE3C6A25-60FB-46BD-A033-4E5B211C2FAC}"
EndProject
Project("{E53339B2-1760-4266-BCC7-CA923CBCF16C}") = "docker-compose", "docker-compose.dcproj", "{B2096B40-FAC0-415D-BD10-BB42B8023924}"
EndProject
Project("{2150E333-8FDC-42A3-9474-1A3956D46DE8}") = "shared", "shared", "{5111132E-64CE-4877-8AAE-839565D9E619}"
EndProject
Project("{FAE04EC0-301F-11D3-BF4B-00C04F79EFBC}") = "Shared", "Shared\Shared.csproj", "{489E2B90-53B7-475D-9DD6-B13E1356275B}"
EndProject
Global
	GlobalSection(SolutionConfigurationPlatforms) = preSolution
		Debug|Any CPU = Debug|Any CPU
		Release|Any CPU = Release|Any CPU
	EndGlobalSection
	GlobalSection(ProjectConfigurationPlatforms) = postSolution
		{BE3C6A25-60FB-46BD-A033-4E5B211C2FAC}.Debug|Any CPU.ActiveCfg = Debug|Any CPU
		{BE3C6A25-60FB-46BD-A033-4E5B211C2FAC}.Debug|Any CPU.Build.0 = Debug|Any CPU
		{BE3C6A25-60FB-46BD-A033-4E5B211C2FAC}.Release|Any CPU.ActiveCfg = Release|Any CPU
		{BE3C6A25-60FB-46BD-A033-4E5B211C2FAC}.Release|Any CPU.Build.0 = Release|Any CPU
		{B2096B40-FAC0-415D-BD10-BB42B8023924}.Debug|Any CPU.ActiveCfg = Debug|Any CPU
		{B2096B40-FAC0-415D-BD10-BB42B8023924}.Debug|Any CPU.Build.0 = Debug|Any CPU
		{B2096B40-FAC0-415D-BD10-BB42B8023924}.Release|Any CPU.ActiveCfg = Release|Any CPU
		{B2096B40-FAC0-415D-BD10-BB42B8023924}.Release|Any CPU.Build.0 = Release|Any CPU
		{489E2B90-53B7-475D-9DD6-B13E1356275B}.Debug|Any CPU.ActiveCfg = Debug|Any CPU
		{489E2B90-53B7-475D-9DD6-B13E1356275B}.Debug|Any CPU.Build.0 = Debug|Any CPU
		{489E2B90-53B7-475D-9DD6-B13E1356275B}.Release|Any CPU.ActiveCfg = Release|Any CPU
		{489E2B90-53B7-475D-9DD6-B13E1356275B}.Release|Any CPU.Build.0 = Release|Any CPU
	EndGlobalSection
	GlobalSection(SolutionProperties) = preSolution
		HideSolutionNode = FALSE
	EndGlobalSection
	GlobalSection(NestedProjects) = preSolution
		{C9B7664F-7B79-4A82-A0E9-C5E10F8FBACC} = {7F52D96F-7FEA-407A-8E18-B0F4A2B20B7A}
		{99D4179A-B7C1-49A3-824E-9D47899A0E6C} = {C9B7664F-7B79-4A82-A0E9-C5E10F8FBACC}
		{BE3C6A25-60FB-46BD-A033-4E5B211C2FAC} = {99D4179A-B7C1-49A3-824E-9D47899A0E6C}
		{5111132E-64CE-4877-8AAE-839565D9E619} = {7F52D96F-7FEA-407A-8E18-B0F4A2B20B7A}
		{489E2B90-53B7-475D-9DD6-B13E1356275B} = {5111132E-64CE-4877-8AAE-839565D9E619}
	EndGlobalSection
	GlobalSection(ExtensibilityGlobals) = postSolution
		SolutionGuid = {99DDD0BC-72B8-4F2E-A8EB-FCA2415B4183}
	EndGlobalSection
EndGlobal
